
Microsoft Visual Studio Solution File, Format Version 12.00
# Visual Studio 15
VisualStudioVersion = 15.0.27130.2036
MinimumVisualStudioVersion = 10.0.40219.1
Project("{FAE04EC0-301F-11D3-BF4B-00C04F79EFBC}") = "CharacterCreator.Winforms", "CharacterCreator.Winforms\CharacterCreator.Winforms.csproj", "{9380A227-DC8A-48F1-8C89-56C3DD6C9329}"
EndProject
Project("{FAE04EC0-301F-11D3-BF4B-00C04F79EFBC}") = "CharacterCreator", "CharacterCreator\CharacterCreator.csproj", "{750A16EA-185D-491D-8307-BB7050304EA9}"
EndProject
Global
	GlobalSection(SolutionConfigurationPlatforms) = preSolution
		Debug|Any CPU = Debug|Any CPU
		Release|Any CPU = Release|Any CPU
	EndGlobalSection
	GlobalSection(ProjectConfigurationPlatforms) = postSolution
		{9380A227-DC8A-48F1-8C89-56C3DD6C9329}.Debug|Any CPU.ActiveCfg = Debug|Any CPU
		{9380A227-DC8A-48F1-8C89-56C3DD6C9329}.Debug|Any CPU.Build.0 = Debug|Any CPU
		{9380A227-DC8A-48F1-8C89-56C3DD6C9329}.Release|Any CPU.ActiveCfg = Release|Any CPU
		{9380A227-DC8A-48F1-8C89-56C3DD6C9329}.Release|Any CPU.Build.0 = Release|Any CPU
		{750A16EA-185D-491D-8307-BB7050304EA9}.Debug|Any CPU.ActiveCfg = Debug|Any CPU
		{750A16EA-185D-491D-8307-BB7050304EA9}.Debug|Any CPU.Build.0 = Debug|Any CPU
		{750A16EA-185D-491D-8307-BB7050304EA9}.Release|Any CPU.ActiveCfg = Release|Any CPU
		{750A16EA-185D-491D-8307-BB7050304EA9}.Release|Any CPU.Build.0 = Release|Any CPU
	EndGlobalSection
	GlobalSection(SolutionProperties) = preSolution
		HideSolutionNode = FALSE
	EndGlobalSection
	GlobalSection(ExtensibilityGlobals) = postSolution
		SolutionGuid = {AB15EFE8-6BFA-442B-8930-91A2F91DE73C}
	EndGlobalSection
EndGlobal
