
Microsoft Visual Studio Solution File, Format Version 12.00
# Visual Studio 15
VisualStudioVersion = 15.0.27130.2036
MinimumVisualStudioVersion = 10.0.40219.1
Project("{FAE04EC0-301F-11D3-BF4B-00C04F79EFBC}") = "Itse1430.MovieLib.UI", "Itse1430.MovieLib.UI\Itse1430.MovieLib.UI.csproj", "{242453BB-D00B-497E-83F0-B50B31B8766F}"
EndProject
Project("{FAE04EC0-301F-11D3-BF4B-00C04F79EFBC}") = "Itse1430.MovieLib", "Itse1430.MovieLib\Itse1430.MovieLib.csproj", "{043B49D1-ECA9-4D24-81A1-5618D1C27E7A}"
EndProject
Global
	GlobalSection(SolutionConfigurationPlatforms) = preSolution
		Debug|Any CPU = Debug|Any CPU
		Release|Any CPU = Release|Any CPU
	EndGlobalSection
	GlobalSection(ProjectConfigurationPlatforms) = postSolution
		{242453BB-D00B-497E-83F0-B50B31B8766F}.Debug|Any CPU.ActiveCfg = Debug|Any CPU
		{242453BB-D00B-497E-83F0-B50B31B8766F}.Debug|Any CPU.Build.0 = Debug|Any CPU
		{242453BB-D00B-497E-83F0-B50B31B8766F}.Release|Any CPU.ActiveCfg = Release|Any CPU
		{242453BB-D00B-497E-83F0-B50B31B8766F}.Release|Any CPU.Build.0 = Release|Any CPU
		{043B49D1-ECA9-4D24-81A1-5618D1C27E7A}.Debug|Any CPU.ActiveCfg = Debug|Any CPU
		{043B49D1-ECA9-4D24-81A1-5618D1C27E7A}.Debug|Any CPU.Build.0 = Debug|Any CPU
		{043B49D1-ECA9-4D24-81A1-5618D1C27E7A}.Release|Any CPU.ActiveCfg = Release|Any CPU
		{043B49D1-ECA9-4D24-81A1-5618D1C27E7A}.Release|Any CPU.Build.0 = Release|Any CPU
	EndGlobalSection
	GlobalSection(SolutionProperties) = preSolution
		HideSolutionNode = FALSE
	EndGlobalSection
	GlobalSection(ExtensibilityGlobals) = postSolution
		SolutionGuid = {A0E4506F-D08B-4DCC-A8B2-511241983DD9}
	EndGlobalSection
EndGlobal
