
Microsoft Visual Studio Solution File, Format Version 12.00
# Visual Studio 15
VisualStudioVersion = 15.0.27130.2036
MinimumVisualStudioVersion = 10.0.40219.1
Project("{FAE04EC0-301F-11D3-BF4B-00C04F79EFBC}") = "Itse1430.MovieLib.UI", "Itse1430.MovieLib.UI\Itse1430.MovieLib.UI.csproj", "{242453BB-D00B-497E-83F0-B50B31B8766F}"
EndProject
Project("{FAE04EC0-301F-11D3-BF4B-00C04F79EFBC}") = "Itse1430.MovieLib", "Itse1430.MovieLib\Itse1430.MovieLib.csproj", "{043B49D1-ECA9-4D24-81A1-5618D1C27E7A}"
EndProject
Project("{FAE04EC0-301F-11D3-BF4B-00C04F79EFBC}") = "Itse1430.MovieLib.Memory", "Itse1430.MovieLib.Memory\Itse1430.MovieLib.Memory.csproj", "{D668D979-1049-46C9-B02A-8C004340F9C4}"
EndProject
Project("{FAE04EC0-301F-11D3-BF4B-00C04F79EFBC}") = "PlayWithLinq", "PlayWithLinq\PlayWithLinq.csproj", "{308850EF-111B-4606-85DD-0F4D0701E298}"
EndProject
Project("{00D1A9C2-B5F0-4AF3-8072-F6C62B433612}") = "MovieDatabase", "MovieDatabase\MovieDatabase.sqlproj", "{D336CD26-C9B8-4B7F-83E7-2F951DF1FABC}"
EndProject
Project("{FAE04EC0-301F-11D3-BF4B-00C04F79EFBC}") = "Itse1430.MovieLib.Sql", "Itse1430.MovieLib.Sql\Itse1430.MovieLib.Sql.csproj", "{7718E1C5-7805-498F-AB22-11F031D21256}"
EndProject
Global
	GlobalSection(SolutionConfigurationPlatforms) = preSolution
		Debug|Any CPU = Debug|Any CPU
		Release|Any CPU = Release|Any CPU
	EndGlobalSection
	GlobalSection(ProjectConfigurationPlatforms) = postSolution
		{242453BB-D00B-497E-83F0-B50B31B8766F}.Debug|Any CPU.ActiveCfg = Debug|Any CPU
		{242453BB-D00B-497E-83F0-B50B31B8766F}.Debug|Any CPU.Build.0 = Debug|Any CPU
		{242453BB-D00B-497E-83F0-B50B31B8766F}.Release|Any CPU.ActiveCfg = Release|Any CPU
		{242453BB-D00B-497E-83F0-B50B31B8766F}.Release|Any CPU.Build.0 = Release|Any CPU
		{043B49D1-ECA9-4D24-81A1-5618D1C27E7A}.Debug|Any CPU.ActiveCfg = Debug|Any CPU
		{043B49D1-ECA9-4D24-81A1-5618D1C27E7A}.Debug|Any CPU.Build.0 = Debug|Any CPU
		{043B49D1-ECA9-4D24-81A1-5618D1C27E7A}.Release|Any CPU.ActiveCfg = Release|Any CPU
		{043B49D1-ECA9-4D24-81A1-5618D1C27E7A}.Release|Any CPU.Build.0 = Release|Any CPU
		{D668D979-1049-46C9-B02A-8C004340F9C4}.Debug|Any CPU.ActiveCfg = Debug|Any CPU
		{D668D979-1049-46C9-B02A-8C004340F9C4}.Debug|Any CPU.Build.0 = Debug|Any CPU
		{D668D979-1049-46C9-B02A-8C004340F9C4}.Release|Any CPU.ActiveCfg = Release|Any CPU
		{D668D979-1049-46C9-B02A-8C004340F9C4}.Release|Any CPU.Build.0 = Release|Any CPU
		{308850EF-111B-4606-85DD-0F4D0701E298}.Debug|Any CPU.ActiveCfg = Debug|Any CPU
		{308850EF-111B-4606-85DD-0F4D0701E298}.Debug|Any CPU.Build.0 = Debug|Any CPU
		{308850EF-111B-4606-85DD-0F4D0701E298}.Release|Any CPU.ActiveCfg = Release|Any CPU
		{308850EF-111B-4606-85DD-0F4D0701E298}.Release|Any CPU.Build.0 = Release|Any CPU
		{D336CD26-C9B8-4B7F-83E7-2F951DF1FABC}.Debug|Any CPU.ActiveCfg = Debug|Any CPU
		{D336CD26-C9B8-4B7F-83E7-2F951DF1FABC}.Debug|Any CPU.Build.0 = Debug|Any CPU
		{D336CD26-C9B8-4B7F-83E7-2F951DF1FABC}.Debug|Any CPU.Deploy.0 = Debug|Any CPU
		{D336CD26-C9B8-4B7F-83E7-2F951DF1FABC}.Release|Any CPU.ActiveCfg = Release|Any CPU
		{D336CD26-C9B8-4B7F-83E7-2F951DF1FABC}.Release|Any CPU.Build.0 = Release|Any CPU
		{D336CD26-C9B8-4B7F-83E7-2F951DF1FABC}.Release|Any CPU.Deploy.0 = Release|Any CPU
		{7718E1C5-7805-498F-AB22-11F031D21256}.Debug|Any CPU.ActiveCfg = Debug|Any CPU
		{7718E1C5-7805-498F-AB22-11F031D21256}.Debug|Any CPU.Build.0 = Debug|Any CPU
		{7718E1C5-7805-498F-AB22-11F031D21256}.Release|Any CPU.ActiveCfg = Release|Any CPU
		{7718E1C5-7805-498F-AB22-11F031D21256}.Release|Any CPU.Build.0 = Release|Any CPU
	EndGlobalSection
	GlobalSection(SolutionProperties) = preSolution
		HideSolutionNode = FALSE
	EndGlobalSection
	GlobalSection(ExtensibilityGlobals) = postSolution
		SolutionGuid = {A0E4506F-D08B-4DCC-A8B2-511241983DD9}
	EndGlobalSection
EndGlobal
